// !$*UTF8*$!
{
	archiveVersion = 1;
	classes = {
	};
	objectVersion = 50;
	objects = {

/* Begin PBXBuildFile section */
		3DBE619E270FB63C00E4B7ED /* AppDelegate.swift in Sources */ = {isa = PBXBuildFile; fileRef = 3DBE619D270FB63C00E4B7ED /* AppDelegate.swift */; };
		3DBE61A0270FB63C00E4B7ED /* ListaAlumnosController.swift in Sources */ = {isa = PBXBuildFile; fileRef = 3DBE619F270FB63C00E4B7ED /* ListaAlumnosController.swift */; };
		3DBE61A3270FB63C00E4B7ED /* Main.storyboard in Resources */ = {isa = PBXBuildFile; fileRef = 3DBE61A1270FB63C00E4B7ED /* Main.storyboard */; };
		3DBE61A5270FB63E00E4B7ED /* Assets.xcassets in Resources */ = {isa = PBXBuildFile; fileRef = 3DBE61A4270FB63E00E4B7ED /* Assets.xcassets */; };
		3DBE61A8270FB63E00E4B7ED /* LaunchScreen.storyboard in Resources */ = {isa = PBXBuildFile; fileRef = 3DBE61A6270FB63E00E4B7ED /* LaunchScreen.storyboard */; };
		3DBE61B0270FB68E00E4B7ED /* Alumno.swift in Sources */ = {isa = PBXBuildFile; fileRef = 3DBE61AF270FB68E00E4B7ED /* Alumno.swift */; };
		3DBE61B5270FC50D00E4B7ED /* CeldaAlumnoController.swift in Sources */ = {isa = PBXBuildFile; fileRef = 3DBE61B4270FC50D00E4B7ED /* CeldaAlumnoController.swift */; };
/* End PBXBuildFile section */

/* Begin PBXFileReference section */
		3DBE619A270FB63C00E4B7ED /* Escuela.app */ = {isa = PBXFileReference; explicitFileType = wrapper.application; includeInIndex = 0; path = Escuela.app; sourceTree = BUILT_PRODUCTS_DIR; };
		3DBE619D270FB63C00E4B7ED /* AppDelegate.swift */ = {isa = PBXFileReference; lastKnownFileType = sourcecode.swift; path = AppDelegate.swift; sourceTree = "<group>"; };
		3DBE619F270FB63C00E4B7ED /* ListaAlumnosController.swift */ = {isa = PBXFileReference; lastKnownFileType = sourcecode.swift; path = ListaAlumnosController.swift; sourceTree = "<group>"; };
		3DBE61A2270FB63C00E4B7ED /* Base */ = {isa = PBXFileReference; lastKnownFileType = file.storyboard; name = Base; path = Base.lproj/Main.storyboard; sourceTree = "<group>"; };
		3DBE61A4270FB63E00E4B7ED /* Assets.xcassets */ = {isa = PBXFileReference; lastKnownFileType = folder.assetcatalog; path = Assets.xcassets; sourceTree = "<group>"; };
		3DBE61A7270FB63E00E4B7ED /* Base */ = {isa = PBXFileReference; lastKnownFileType = file.storyboard; name = Base; path = Base.lproj/LaunchScreen.storyboard; sourceTree = "<group>"; };
		3DBE61A9270FB63E00E4B7ED /* Info.plist */ = {isa = PBXFileReference; lastKnownFileType = text.plist.xml; path = Info.plist; sourceTree = "<group>"; };
		3DBE61AF270FB68E00E4B7ED /* Alumno.swift */ = {isa = PBXFileReference; lastKnownFileType = sourcecode.swift; path = Alumno.swift; sourceTree = "<group>"; };
		3DBE61B4270FC50D00E4B7ED /* CeldaAlumnoController.swift */ = {isa = PBXFileReference; lastKnownFileType = sourcecode.swift; path = CeldaAlumnoController.swift; sourceTree = "<group>"; };
/* End PBXFileReference section */

/* Begin PBXFrameworksBuildPhase section */
		3DBE6197270FB63C00E4B7ED /* Frameworks */ = {
			isa = PBXFrameworksBuildPhase;
			buildActionMask = 2147483647;
			files = (
			);
			runOnlyForDeploymentPostprocessing = 0;
		};
/* End PBXFrameworksBuildPhase section */

/* Begin PBXGroup section */
		3DBE6191270FB63C00E4B7ED = {
			isa = PBXGroup;
			children = (
				3DBE619C270FB63C00E4B7ED /* Escuela */,
				3DBE619B270FB63C00E4B7ED /* Products */,
			);
			sourceTree = "<group>";
		};
		3DBE619B270FB63C00E4B7ED /* Products */ = {
			isa = PBXGroup;
			children = (
				3DBE619A270FB63C00E4B7ED /* Escuela.app */,
			);
			name = Products;
			sourceTree = "<group>";
		};
		3DBE619C270FB63C00E4B7ED /* Escuela */ = {
			isa = PBXGroup;
			children = (
				3DBE61B3270FB8FA00E4B7ED /* controllers */,
				3DBE61B2270FB8E300E4B7ED /* views */,
				3DBE61B1270FB88E00E4B7ED /* models */,
				3DBE619D270FB63C00E4B7ED /* AppDelegate.swift */,
				3DBE61A4270FB63E00E4B7ED /* Assets.xcassets */,
				3DBE61A9270FB63E00E4B7ED /* Info.plist */,
			);
			path = Escuela;
			sourceTree = "<group>";
		};
		3DBE61B1270FB88E00E4B7ED /* models */ = {
			isa = PBXGroup;
			children = (
				3DBE61AF270FB68E00E4B7ED /* Alumno.swift */,
			);
			name = models;
			sourceTree = "<group>";
		};
		3DBE61B2270FB8E300E4B7ED /* views */ = {
			isa = PBXGroup;
			children = (
				3DBE61A6270FB63E00E4B7ED /* LaunchScreen.storyboard */,
				3DBE61A1270FB63C00E4B7ED /* Main.storyboard */,
			);
			name = views;
			sourceTree = "<group>";
		};
		3DBE61B3270FB8FA00E4B7ED /* controllers */ = {
			isa = PBXGroup;
			children = (
				3DBE619F270FB63C00E4B7ED /* ListaAlumnosController.swift */,
				3DBE61B4270FC50D00E4B7ED /* CeldaAlumnoController.swift */,
			);
			name = controllers;
			sourceTree = "<group>";
		};
/* End PBXGroup section */

/* Begin PBXNativeTarget section */
		3DBE6199270FB63C00E4B7ED /* Escuela */ = {
			isa = PBXNativeTarget;
			buildConfigurationList = 3DBE61AC270FB63E00E4B7ED /* Build configuration list for PBXNativeTarget "Escuela" */;
			buildPhases = (
				3DBE6196270FB63C00E4B7ED /* Sources */,
				3DBE6197270FB63C00E4B7ED /* Frameworks */,
				3DBE6198270FB63C00E4B7ED /* Resources */,
			);
			buildRules = (
			);
			dependencies = (
			);
			name = Escuela;
			productName = Escuela;
			productReference = 3DBE619A270FB63C00E4B7ED /* Escuela.app */;
			productType = "com.apple.product-type.application";
		};
/* End PBXNativeTarget section */

/* Begin PBXProject section */
		3DBE6192270FB63C00E4B7ED /* Project object */ = {
			isa = PBXProject;
			attributes = {
				LastSwiftUpdateCheck = 0940;
				LastUpgradeCheck = 0940;
				ORGANIZATIONNAME = Alumno;
				TargetAttributes = {
					3DBE6199270FB63C00E4B7ED = {
						CreatedOnToolsVersion = 9.4.1;
					};
				};
			};
			buildConfigurationList = 3DBE6195270FB63C00E4B7ED /* Build configuration list for PBXProject "Escuela" */;
			compatibilityVersion = "Xcode 9.3";
			developmentRegion = en;
			hasScannedForEncodings = 0;
			knownRegions = (
				en,
				Base,
			);
			mainGroup = 3DBE6191270FB63C00E4B7ED;
			productRefGroup = 3DBE619B270FB63C00E4B7ED /* Products */;
			projectDirPath = "";
			projectRoot = "";
			targets = (
				3DBE6199270FB63C00E4B7ED /* Escuela */,
			);
		};
/* End PBXProject section */

/* Begin PBXResourcesBuildPhase section */
		3DBE6198270FB63C00E4B7ED /* Resources */ = {
			isa = PBXResourcesBuildPhase;
			buildActionMask = 2147483647;
			files = (
				3DBE61A8270FB63E00E4B7ED /* LaunchScreen.storyboard in Resources */,
				3DBE61A5270FB63E00E4B7ED /* Assets.xcassets in Resources */,
				3DBE61A3270FB63C00E4B7ED /* Main.storyboard in Resources */,
			);
			runOnlyForDeploymentPostprocessing = 0;
		};
/* End PBXResourcesBuildPhase section */

/* Begin PBXSourcesBuildPhase section */
		3DBE6196270FB63C00E4B7ED /* Sources */ = {
			isa = PBXSourcesBuildPhase;
			buildActionMask = 2147483647;
			files = (
				3DBE61A0270FB63C00E4B7ED /* ListaAlumnosController.swift in Sources */,
				3DBE61B0270FB68E00E4B7ED /* Alumno.swift in Sources */,
				3DBE619E270FB63C00E4B7ED /* AppDelegate.swift in Sources */,
				3DBE61B5270FC50D00E4B7ED /* CeldaAlumnoController.swift in Sources */,
			);
			runOnlyForDeploymentPostprocessing = 0;
		};
/* End PBXSourcesBuildPhase section */

/* Begin PBXVariantGroup section */
		3DBE61A1270FB63C00E4B7ED /* Main.storyboard */ = {
			isa = PBXVariantGroup;
			children = (
				3DBE61A2270FB63C00E4B7ED /* Base */,
			);
			name = Main.storyboard;
			sourceTree = "<group>";
		};
		3DBE61A6270FB63E00E4B7ED /* LaunchScreen.storyboard */ = {
			isa = PBXVariantGroup;
			children = (
				3DBE61A7270FB63E00E4B7ED /* Base */,
			);
			name = LaunchScreen.storyboard;
			sourceTree = "<group>";
		};
/* End PBXVariantGroup section */

/* Begin XCBuildConfiguration section */
		3DBE61AA270FB63E00E4B7ED /* Debug */ = {
			isa = XCBuildConfiguration;
			buildSettings = {
				ALWAYS_SEARCH_USER_PATHS = NO;
				CLANG_ANALYZER_NONNULL = YES;
				CLANG_ANALYZER_NUMBER_OBJECT_CONVERSION = YES_AGGRESSIVE;
				CLANG_CXX_LANGUAGE_STANDARD = "gnu++14";
				CLANG_CXX_LIBRARY = "libc++";
				CLANG_ENABLE_MODULES = YES;
				CLANG_ENABLE_OBJC_ARC = YES;
				CLANG_ENABLE_OBJC_WEAK = YES;
				CLANG_WARN_BLOCK_CAPTURE_AUTORELEASING = YES;
				CLANG_WARN_BOOL_CONVERSION = YES;
				CLANG_WARN_COMMA = YES;
				CLANG_WARN_CONSTANT_CONVERSION = YES;
				CLANG_WARN_DEPRECATED_OBJC_IMPLEMENTATIONS = YES;
				CLANG_WARN_DIRECT_OBJC_ISA_USAGE = YES_ERROR;
				CLANG_WARN_DOCUMENTATION_COMMENTS = YES;
				CLANG_WARN_EMPTY_BODY = YES;
				CLANG_WARN_ENUM_CONVERSION = YES;
				CLANG_WARN_INFINITE_RECURSION = YES;
				CLANG_WARN_INT_CONVERSION = YES;
				CLANG_WARN_NON_LITERAL_NULL_CONVERSION = YES;
				CLANG_WARN_OBJC_IMPLICIT_RETAIN_SELF = YES;
				CLANG_WARN_OBJC_LITERAL_CONVERSION = YES;
				CLANG_WARN_OBJC_ROOT_CLASS = YES_ERROR;
				CLANG_WARN_RANGE_LOOP_ANALYSIS = YES;
				CLANG_WARN_STRICT_PROTOTYPES = YES;
				CLANG_WARN_SUSPICIOUS_MOVE = YES;
				CLANG_WARN_UNGUARDED_AVAILABILITY = YES_AGGRESSIVE;
				CLANG_WARN_UNREACHABLE_CODE = YES;
				CLANG_WARN__DUPLICATE_METHOD_MATCH = YES;
				CODE_SIGN_IDENTITY = "iPhone Developer";
				COPY_PHASE_STRIP = NO;
				DEBUG_INFORMATION_FORMAT = dwarf;
				ENABLE_STRICT_OBJC_MSGSEND = YES;
				ENABLE_TESTABILITY = YES;
				GCC_C_LANGUAGE_STANDARD = gnu11;
				GCC_DYNAMIC_NO_PIC = NO;
				GCC_NO_COMMON_BLOCKS = YES;
				GCC_OPTIMIZATION_LEVEL = 0;
				GCC_PREPROCESSOR_DEFINITIONS = (
					"DEBUG=1",
					"$(inherited)",
				);
				GCC_WARN_64_TO_32_BIT_CONVERSION = YES;
				GCC_WARN_ABOUT_RETURN_TYPE = YES_ERROR;
				GCC_WARN_UNDECLARED_SELECTOR = YES;
				GCC_WARN_UNINITIALIZED_AUTOS = YES_AGGRESSIVE;
				GCC_WARN_UNUSED_FUNCTION = YES;
				GCC_WARN_UNUSED_VARIABLE = YES;
				IPHONEOS_DEPLOYMENT_TARGET = 11.4;
				MTL_ENABLE_DEBUG_INFO = YES;
				ONLY_ACTIVE_ARCH = YES;
				SDKROOT = iphoneos;
				SWIFT_ACTIVE_COMPILATION_CONDITIONS = DEBUG;
				SWIFT_OPTIMIZATION_LEVEL = "-Onone";
			};
			name = Debug;
		};
		3DBE61AB270FB63E00E4B7ED /* Release */ = {
			isa = XCBuildConfiguration;
			buildSettings = {
				ALWAYS_SEARCH_USER_PATHS = NO;
				CLANG_ANALYZER_NONNULL = YES;
				CLANG_ANALYZER_NUMBER_OBJECT_CONVERSION = YES_AGGRESSIVE;
				CLANG_CXX_LANGUAGE_STANDARD = "gnu++14";
				CLANG_CXX_LIBRARY = "libc++";
				CLANG_ENABLE_MODULES = YES;
				CLANG_ENABLE_OBJC_ARC = YES;
				CLANG_ENABLE_OBJC_WEAK = YES;
				CLANG_WARN_BLOCK_CAPTURE_AUTORELEASING = YES;
				CLANG_WARN_BOOL_CONVERSION = YES;
				CLANG_WARN_COMMA = YES;
				CLANG_WARN_CONSTANT_CONVERSION = YES;
				CLANG_WARN_DEPRECATED_OBJC_IMPLEMENTATIONS = YES;
				CLANG_WARN_DIRECT_OBJC_ISA_USAGE = YES_ERROR;
				CLANG_WARN_DOCUMENTATION_COMMENTS = YES;
				CLANG_WARN_EMPTY_BODY = YES;
				CLANG_WARN_ENUM_CONVERSION = YES;
				CLANG_WARN_INFINITE_RECURSION = YES;
				CLANG_WARN_INT_CONVERSION = YES;
				CLANG_WARN_NON_LITERAL_NULL_CONVERSION = YES;
				CLANG_WARN_OBJC_IMPLICIT_RETAIN_SELF = YES;
				CLANG_WARN_OBJC_LITERAL_CONVERSION = YES;
				CLANG_WARN_OBJC_ROOT_CLASS = YES_ERROR;
				CLANG_WARN_RANGE_LOOP_ANALYSIS = YES;
				CLANG_WARN_STRICT_PROTOTYPES = YES;
				CLANG_WARN_SUSPICIOUS_MOVE = YES;
				CLANG_WARN_UNGUARDED_AVAILABILITY = YES_AGGRESSIVE;
				CLANG_WARN_UNREACHABLE_CODE = YES;
				CLANG_WARN__DUPLICATE_METHOD_MATCH = YES;
				CODE_SIGN_IDENTITY = "iPhone Developer";
				COPY_PHASE_STRIP = NO;
				DEBUG_INFORMATION_FORMAT = "dwarf-with-dsym";
				ENABLE_NS_ASSERTIONS = NO;
				ENABLE_STRICT_OBJC_MSGSEND = YES;
				GCC_C_LANGUAGE_STANDARD = gnu11;
				GCC_NO_COMMON_BLOCKS = YES;
				GCC_WARN_64_TO_32_BIT_CONVERSION = YES;
				GCC_WARN_ABOUT_RETURN_TYPE = YES_ERROR;
				GCC_WARN_UNDECLARED_SELECTOR = YES;
				GCC_WARN_UNINITIALIZED_AUTOS = YES_AGGRESSIVE;
				GCC_WARN_UNUSED_FUNCTION = YES;
				GCC_WARN_UNUSED_VARIABLE = YES;
				IPHONEOS_DEPLOYMENT_TARGET = 11.4;
				MTL_ENABLE_DEBUG_INFO = NO;
				SDKROOT = iphoneos;
				SWIFT_COMPILATION_MODE = wholemodule;
				SWIFT_OPTIMIZATION_LEVEL = "-O";
				VALIDATE_PRODUCT = YES;
			};
			name = Release;
		};
		3DBE61AD270FB63E00E4B7ED /* Debug */ = {
			isa = XCBuildConfiguration;
			buildSettings = {
				ASSETCATALOG_COMPILER_APPICON_NAME = AppIcon;
				CODE_SIGN_STYLE = Automatic;
				INFOPLIST_FILE = Escuela/Info.plist;
				LD_RUNPATH_SEARCH_PATHS = (
					"$(inherited)",
					"@executable_path/Frameworks",
				);
				PRODUCT_BUNDLE_IDENTIFIER = edu.ulsa.Escuela;
				PRODUCT_NAME = "$(TARGET_NAME)";
				SWIFT_VERSION = 4.0;
				TARGETED_DEVICE_FAMILY = "1,2";
			};
			name = Debug;
		};
		3DBE61AE270FB63E00E4B7ED /* Release */ = {
			isa = XCBuildConfiguration;
			buildSettings = {
				ASSETCATALOG_COMPILER_APPICON_NAME = AppIcon;
				CODE_SIGN_STYLE = Automatic;
				INFOPLIST_FILE = Escuela/Info.plist;
				LD_RUNPATH_SEARCH_PATHS = (
					"$(inherited)",
					"@executable_path/Frameworks",
				);
				PRODUCT_BUNDLE_IDENTIFIER = edu.ulsa.Escuela;
				PRODUCT_NAME = "$(TARGET_NAME)";
				SWIFT_VERSION = 4.0;
				TARGETED_DEVICE_FAMILY = "1,2";
			};
			name = Release;
		};
/* End XCBuildConfiguration section */

/* Begin XCConfigurationList section */
		3DBE6195270FB63C00E4B7ED /* Build configuration list for PBXProject "Escuela" */ = {
			isa = XCConfigurationList;
			buildConfigurations = (
				3DBE61AA270FB63E00E4B7ED /* Debug */,
				3DBE61AB270FB63E00E4B7ED /* Release */,
			);
			defaultConfigurationIsVisible = 0;
			defaultConfigurationName = Release;
		};
		3DBE61AC270FB63E00E4B7ED /* Build configuration list for PBXNativeTarget "Escuela" */ = {
			isa = XCConfigurationList;
			buildConfigurations = (
				3DBE61AD270FB63E00E4B7ED /* Debug */,
				3DBE61AE270FB63E00E4B7ED /* Release */,
			);
			defaultConfigurationIsVisible = 0;
			defaultConfigurationName = Release;
		};
/* End XCConfigurationList section */
	};
	rootObject = 3DBE6192270FB63C00E4B7ED /* Project object */;
}
